
Microsoft Visual Studio Solution File, Format Version 12.00
# Visual Studio Version 17
VisualStudioVersion = 17.0.31903.59
MinimumVisualStudioVersion = 10.0.40219.1
Project("{2150E333-8FDC-42A3-9474-1A3956D46DE8}") = "src", "src", "{827E0CD3-B72D-47B6-A68D-7590B98EB39B}"
EndProject
Project("{FAE04EC0-301F-11D3-BF4B-00C04F79EFBC}") = "NetHackChatGame.Core", "src\NetHackChatGame.Core\NetHackChatGame.Core.csproj", "{10D60493-B491-4CC2-95D2-BA7F21C6FC3D}"
EndProject
Project("{FAE04EC0-301F-11D3-BF4B-00C04F79EFBC}") = "NetHackChatGame.Data", "src\NetHackChatGame.Data\NetHackChatGame.Data.csproj", "{2338105D-DADF-45CE-ABCA-3564BA4E849D}"
EndProject
Project("{FAE04EC0-301F-11D3-BF4B-00C04F79EFBC}") = "NetHackChatGame.McpServer", "src\NetHackChatGame.McpServer\NetHackChatGame.McpServer.csproj", "{701560F3-697E-46D3-924F-E7C82AADBA9F}"
EndProject
Project("{FAE04EC0-301F-11D3-BF4B-00C04F79EFBC}") = "NetHackChatGame.LlmProxy", "src\NetHackChatGame.LlmProxy\NetHackChatGame.LlmProxy.csproj", "{0D49287B-7AFC-4D6A-9051-1A52658F30AB}"
EndProject
Project("{FAE04EC0-301F-11D3-BF4B-00C04F79EFBC}") = "NetHackChatGame.SignalRApi", "src\NetHackChatGame.SignalRApi\NetHackChatGame.SignalRApi.csproj", "{AA1D5837-7365-4991-BF85-21653FC5814B}"
EndProject
Project("{FAE04EC0-301F-11D3-BF4B-00C04F79EFBC}") = "NetHackChatGame.AuthService", "src\NetHackChatGame.AuthService\NetHackChatGame.AuthService.csproj", "{0A1F85AB-0692-48AF-A98C-C751A3C171E3}"
EndProject
Global
	GlobalSection(SolutionConfigurationPlatforms) = preSolution
		Debug|Any CPU = Debug|Any CPU
		Debug|x64 = Debug|x64
		Debug|x86 = Debug|x86
		Release|Any CPU = Release|Any CPU
		Release|x64 = Release|x64
		Release|x86 = Release|x86
	EndGlobalSection
	GlobalSection(ProjectConfigurationPlatforms) = postSolution
		{10D60493-B491-4CC2-95D2-BA7F21C6FC3D}.Debug|Any CPU.ActiveCfg = Debug|Any CPU
		{10D60493-B491-4CC2-95D2-BA7F21C6FC3D}.Debug|Any CPU.Build.0 = Debug|Any CPU
		{10D60493-B491-4CC2-95D2-BA7F21C6FC3D}.Debug|x64.ActiveCfg = Debug|Any CPU
		{10D60493-B491-4CC2-95D2-BA7F21C6FC3D}.Debug|x64.Build.0 = Debug|Any CPU
		{10D60493-B491-4CC2-95D2-BA7F21C6FC3D}.Debug|x86.ActiveCfg = Debug|Any CPU
		{10D60493-B491-4CC2-95D2-BA7F21C6FC3D}.Debug|x86.Build.0 = Debug|Any CPU
		{10D60493-B491-4CC2-95D2-BA7F21C6FC3D}.Release|Any CPU.ActiveCfg = Release|Any CPU
		{10D60493-B491-4CC2-95D2-BA7F21C6FC3D}.Release|Any CPU.Build.0 = Release|Any CPU
		{10D60493-B491-4CC2-95D2-BA7F21C6FC3D}.Release|x64.ActiveCfg = Release|Any CPU
		{10D60493-B491-4CC2-95D2-BA7F21C6FC3D}.Release|x64.Build.0 = Release|Any CPU
		{10D60493-B491-4CC2-95D2-BA7F21C6FC3D}.Release|x86.ActiveCfg = Release|Any CPU
		{10D60493-B491-4CC2-95D2-BA7F21C6FC3D}.Release|x86.Build.0 = Release|Any CPU
		{2338105D-DADF-45CE-ABCA-3564BA4E849D}.Debug|Any CPU.ActiveCfg = Debug|Any CPU
		{2338105D-DADF-45CE-ABCA-3564BA4E849D}.Debug|Any CPU.Build.0 = Debug|Any CPU
		{2338105D-DADF-45CE-ABCA-3564BA4E849D}.Debug|x64.ActiveCfg = Debug|Any CPU
		{2338105D-DADF-45CE-ABCA-3564BA4E849D}.Debug|x64.Build.0 = Debug|Any CPU
		{2338105D-DADF-45CE-ABCA-3564BA4E849D}.Debug|x86.ActiveCfg = Debug|Any CPU
		{2338105D-DADF-45CE-ABCA-3564BA4E849D}.Debug|x86.Build.0 = Debug|Any CPU
		{2338105D-DADF-45CE-ABCA-3564BA4E849D}.Release|Any CPU.ActiveCfg = Release|Any CPU
		{2338105D-DADF-45CE-ABCA-3564BA4E849D}.Release|Any CPU.Build.0 = Release|Any CPU
		{2338105D-DADF-45CE-ABCA-3564BA4E849D}.Release|x64.ActiveCfg = Release|Any CPU
		{2338105D-DADF-45CE-ABCA-3564BA4E849D}.Release|x64.Build.0 = Release|Any CPU
		{2338105D-DADF-45CE-ABCA-3564BA4E849D}.Release|x86.ActiveCfg = Release|Any CPU
		{2338105D-DADF-45CE-ABCA-3564BA4E849D}.Release|x86.Build.0 = Release|Any CPU
		{701560F3-697E-46D3-924F-E7C82AADBA9F}.Debug|Any CPU.ActiveCfg = Debug|Any CPU
		{701560F3-697E-46D3-924F-E7C82AADBA9F}.Debug|Any CPU.Build.0 = Debug|Any CPU
		{701560F3-697E-46D3-924F-E7C82AADBA9F}.Debug|x64.ActiveCfg = Debug|Any CPU
		{701560F3-697E-46D3-924F-E7C82AADBA9F}.Debug|x64.Build.0 = Debug|Any CPU
		{701560F3-697E-46D3-924F-E7C82AADBA9F}.Debug|x86.ActiveCfg = Debug|Any CPU
		{701560F3-697E-46D3-924F-E7C82AADBA9F}.Debug|x86.Build.0 = Debug|Any CPU
		{701560F3-697E-46D3-924F-E7C82AADBA9F}.Release|Any CPU.ActiveCfg = Release|Any CPU
		{701560F3-697E-46D3-924F-E7C82AADBA9F}.Release|Any CPU.Build.0 = Release|Any CPU
		{701560F3-697E-46D3-924F-E7C82AADBA9F}.Release|x64.ActiveCfg = Release|Any CPU
		{701560F3-697E-46D3-924F-E7C82AADBA9F}.Release|x64.Build.0 = Release|Any CPU
		{701560F3-697E-46D3-924F-E7C82AADBA9F}.Release|x86.ActiveCfg = Release|Any CPU
		{701560F3-697E-46D3-924F-E7C82AADBA9F}.Release|x86.Build.0 = Release|Any CPU
		{0D49287B-7AFC-4D6A-9051-1A52658F30AB}.Debug|Any CPU.ActiveCfg = Debug|Any CPU
		{0D49287B-7AFC-4D6A-9051-1A52658F30AB}.Debug|Any CPU.Build.0 = Debug|Any CPU
		{0D49287B-7AFC-4D6A-9051-1A52658F30AB}.Debug|x64.ActiveCfg = Debug|Any CPU
		{0D49287B-7AFC-4D6A-9051-1A52658F30AB}.Debug|x64.Build.0 = Debug|Any CPU
		{0D49287B-7AFC-4D6A-9051-1A52658F30AB}.Debug|x86.ActiveCfg = Debug|Any CPU
		{0D49287B-7AFC-4D6A-9051-1A52658F30AB}.Debug|x86.Build.0 = Debug|Any CPU
		{0D49287B-7AFC-4D6A-9051-1A52658F30AB}.Release|Any CPU.ActiveCfg = Release|Any CPU
		{0D49287B-7AFC-4D6A-9051-1A52658F30AB}.Release|Any CPU.Build.0 = Release|Any CPU
		{0D49287B-7AFC-4D6A-9051-1A52658F30AB}.Release|x64.ActiveCfg = Release|Any CPU
		{0D49287B-7AFC-4D6A-9051-1A52658F30AB}.Release|x64.Build.0 = Release|Any CPU
		{0D49287B-7AFC-4D6A-9051-1A52658F30AB}.Release|x86.ActiveCfg = Release|Any CPU
		{0D49287B-7AFC-4D6A-9051-1A52658F30AB}.Release|x86.Build.0 = Release|Any CPU
		{AA1D5837-7365-4991-BF85-21653FC5814B}.Debug|Any CPU.ActiveCfg = Debug|Any CPU
		{AA1D5837-7365-4991-BF85-21653FC5814B}.Debug|Any CPU.Build.0 = Debug|Any CPU
		{AA1D5837-7365-4991-BF85-21653FC5814B}.Debug|x64.ActiveCfg = Debug|Any CPU
		{AA1D5837-7365-4991-BF85-21653FC5814B}.Debug|x64.Build.0 = Debug|Any CPU
		{AA1D5837-7365-4991-BF85-21653FC5814B}.Debug|x86.ActiveCfg = Debug|Any CPU
		{AA1D5837-7365-4991-BF85-21653FC5814B}.Debug|x86.Build.0 = Debug|Any CPU
		{AA1D5837-7365-4991-BF85-21653FC5814B}.Release|Any CPU.ActiveCfg = Release|Any CPU
		{AA1D5837-7365-4991-BF85-21653FC5814B}.Release|Any CPU.Build.0 = Release|Any CPU
		{AA1D5837-7365-4991-BF85-21653FC5814B}.Release|x64.ActiveCfg = Release|Any CPU
		{AA1D5837-7365-4991-BF85-21653FC5814B}.Release|x64.Build.0 = Release|Any CPU
		{AA1D5837-7365-4991-BF85-21653FC5814B}.Release|x86.ActiveCfg = Release|Any CPU
		{AA1D5837-7365-4991-BF85-21653FC5814B}.Release|x86.Build.0 = Release|Any CPU
		{0A1F85AB-0692-48AF-A98C-C751A3C171E3}.Debug|Any CPU.ActiveCfg = Debug|Any CPU
		{0A1F85AB-0692-48AF-A98C-C751A3C171E3}.Debug|Any CPU.Build.0 = Debug|Any CPU
		{0A1F85AB-0692-48AF-A98C-C751A3C171E3}.Debug|x64.ActiveCfg = Debug|Any CPU
		{0A1F85AB-0692-48AF-A98C-C751A3C171E3}.Debug|x64.Build.0 = Debug|Any CPU
		{0A1F85AB-0692-48AF-A98C-C751A3C171E3}.Debug|x86.ActiveCfg = Debug|Any CPU
		{0A1F85AB-0692-48AF-A98C-C751A3C171E3}.Debug|x86.Build.0 = Debug|Any CPU
		{0A1F85AB-0692-48AF-A98C-C751A3C171E3}.Release|Any CPU.ActiveCfg = Release|Any CPU
		{0A1F85AB-0692-48AF-A98C-C751A3C171E3}.Release|Any CPU.Build.0 = Release|Any CPU
		{0A1F85AB-0692-48AF-A98C-C751A3C171E3}.Release|x64.ActiveCfg = Release|Any CPU
		{0A1F85AB-0692-48AF-A98C-C751A3C171E3}.Release|x64.Build.0 = Release|Any CPU
		{0A1F85AB-0692-48AF-A98C-C751A3C171E3}.Release|x86.ActiveCfg = Release|Any CPU
		{0A1F85AB-0692-48AF-A98C-C751A3C171E3}.Release|x86.Build.0 = Release|Any CPU
	EndGlobalSection
	GlobalSection(SolutionProperties) = preSolution
		HideSolutionNode = FALSE
	EndGlobalSection
	GlobalSection(NestedProjects) = preSolution
		{10D60493-B491-4CC2-95D2-BA7F21C6FC3D} = {827E0CD3-B72D-47B6-A68D-7590B98EB39B}
		{2338105D-DADF-45CE-ABCA-3564BA4E849D} = {827E0CD3-B72D-47B6-A68D-7590B98EB39B}
		{701560F3-697E-46D3-924F-E7C82AADBA9F} = {827E0CD3-B72D-47B6-A68D-7590B98EB39B}
		{0D49287B-7AFC-4D6A-9051-1A52658F30AB} = {827E0CD3-B72D-47B6-A68D-7590B98EB39B}
		{AA1D5837-7365-4991-BF85-21653FC5814B} = {827E0CD3-B72D-47B6-A68D-7590B98EB39B}
		{0A1F85AB-0692-48AF-A98C-C751A3C171E3} = {827E0CD3-B72D-47B6-A68D-7590B98EB39B}
	EndGlobalSection
EndGlobal
